PODS:
  - Alamofire (5.1.0)
  - LicensePlist (2.15.1)
  - PKHUD (5.2.1)
  - SwiftLint (0.39.2)

DEPENDENCIES:
  - Alamofire (= 5.1.0)
  - LicensePlist (= 2.15.1)
  - PKHUD (= 5.2.1)
  - SwiftLint (= 0.39.2)

SPEC REPOS:
  trunk:
    - Alamofire
    - LicensePlist
    - PKHUD
    - SwiftLint

SPEC CHECKSUMS:
  Alamofire: 9d5c5f602928e512395b30950c5984eca840093c
  LicensePlist: 9fb7c521b431f94ea665046c15ed5f392583afbd
  PKHUD: 4e6162c4c39ac367c6934e9855c6b4762ee16256
  SwiftLint: 22ccbbe3b8008684be5955693bab135e0ed6a447

PODFILE CHECKSUM: 1cfb7487e85de82846e78922c66b2181a30c87c7

COCOAPODS: 1.9.0
